Microsoft Visual Studio Solution File, Format Version 12.00
# Visual Studio Version 17
VisualStudioVersion = 17.5.2.0
MinimumVisualStudioVersion = 10.0.40219.1
Project("{FAE04EC0-301F-11D3-BF4B-00C04F79EFBC}") = "RaylibDanmaku", "RaylibDanmaku.csproj", "{10E9ACD9-1747-3242-B04A-98AAED26F837}"
EndProject
Global
	GlobalSection(SolutionConfigurationPlatforms) = preSolution
		Debug|Any CPU = Debug|Any CPU
		Release|Any CPU = Release|Any CPU
	EndGlobalSection
	GlobalSection(ProjectConfigurationPlatforms) = postSolution
		{10E9ACD9-1747-3242-B04A-98AAED26F837}.Debug|Any CPU.ActiveCfg = Debug|Any CPU
		{10E9ACD9-1747-3242-B04A-98AAED26F837}.Debug|Any CPU.Build.0 = Debug|Any CPU
		{10E9ACD9-1747-3242-B04A-98AAED26F837}.Release|Any CPU.ActiveCfg = Release|Any CPU
		{10E9ACD9-1747-3242-B04A-98AAED26F837}.Release|Any CPU.Build.0 = Release|Any CPU
	EndGlobalSection
	GlobalSection(SolutionProperties) = preSolution
		HideSolutionNode = FALSE
	EndGlobalSection
	GlobalSection(ExtensibilityGlobals) = postSolution
		SolutionGuid = {32C360D8-D1E2-44F2-8026-CF5AFCA1BE45}
	EndGlobalSection
EndGlobal
